// !$*UTF8*$!
{
	archiveVersion = 1;
	classes = {
	};
	objectVersion = 46;
	objects = {

/* Begin PBXBuildFile section */
		55063E751BF1CDDD00569353 /* SystemConfiguration.framework in Frameworks */ = {isa = PBXBuildFile; fileRef = 55063E741BF1CDDD00569353 /* SystemConfiguration.framework */; };
		550A39F81C3BA00400EF1619 /* jquery in Resources */ = {isa = PBXBuildFile; fileRef = 550A39F71C3BA00400EF1619 /* jquery */; };
		550A39FB1C3BA38D00EF1619 /* W2P_ObjC.m in Sources */ = {isa = PBXBuildFile; fileRef = 550A39FA1C3BA38D00EF1619 /* W2P_ObjC.m */; };
		55249C601BFB2CAC0056BB7A /* BookmarksHelper.m in Sources */ = {isa = PBXBuildFile; fileRef = 55249C5F1BFB2CAC0056BB7A /* BookmarksHelper.m */; };
		55693BC11C1FC29000018D6D /* UniversityVC.m in Sources */ = {isa = PBXBuildFile; fileRef = 55693BC01C1FC29000018D6D /* UniversityVC.m */; };
		55F3689E1BC4BBFD00E0F4E5 /* main.m in Sources */ = {isa = PBXBuildFile; fileRef = 55F3689D1BC4BBFD00E0F4E5 /* main.m */; };
		55F368A11BC4BBFD00E0F4E5 /* AppDelegate.m in Sources */ = {isa = PBXBuildFile; fileRef = 55F368A01BC4BBFD00E0F4E5 /* AppDelegate.m */; };
		55F368A41BC4BBFD00E0F4E5 /* VC.m in Sources */ = {isa = PBXBuildFile; fileRef = 55F368A31BC4BBFD00E0F4E5 /* VC.m */; };
		55F368A91BC4BBFD00E0F4E5 /* Assets.xcassets in Resources */ = {isa = PBXBuildFile; fileRef = 55F368A81BC4BBFD00E0F4E5 /* Assets.xcassets */; };
		55F368AC1BC4BBFD00E0F4E5 /* LaunchScreen.storyboard in Resources */ = {isa = PBXBuildFile; fileRef = 55F368AA1BC4BBFD00E0F4E5 /* LaunchScreen.storyboard */; };
		55F368C81BC4BE2000E0F4E5 /* About2VC.m in Sources */ = {isa = PBXBuildFile; fileRef = 55F368B61BC4BE2000E0F4E5 /* About2VC.m */; };
		55F368C91BC4BE2000E0F4E5 /* AgreeVC.m in Sources */ = {isa = PBXBuildFile; fileRef = 55F368B81BC4BE2000E0F4E5 /* AgreeVC.m */; };
		55F368CA1BC4BE2000E0F4E5 /* DeviceAPI.m in Sources */ = {isa = PBXBuildFile; fileRef = 55F368BA1BC4BE2000E0F4E5 /* DeviceAPI.m */; };
		55F368CB1BC4BE2000E0F4E5 /* OpenSans-Bold.ttf in Resources */ = {isa = PBXBuildFile; fileRef = 55F368BB1BC4BE2000E0F4E5 /* OpenSans-Bold.ttf */; };
		55F368CC1BC4BE2000E0F4E5 /* OpenSans-Light.ttf in Resources */ = {isa = PBXBuildFile; fileRef = 55F368BC1BC4BE2000E0F4E5 /* OpenSans-Light.ttf */; };
		55F368CD1BC4BE2000E0F4E5 /* OpenSans-Regular.ttf in Resources */ = {isa = PBXBuildFile; fileRef = 55F368BD1BC4BE2000E0F4E5 /* OpenSans-Regular.ttf */; };
		55F368CE1BC4BE2000E0F4E5 /* PasswordVC.m in Sources */ = {isa = PBXBuildFile; fileRef = 55F368BF1BC4BE2000E0F4E5 /* PasswordVC.m */; };
		55F368CF1BC4BE2000E0F4E5 /* Slim-Joe.otf in Resources */ = {isa = PBXBuildFile; fileRef = 55F368C01BC4BE2000E0F4E5 /* Slim-Joe.otf */; };
		55F368D01BC4BE2000E0F4E5 /* splash_web in Resources */ = {isa = PBXBuildFile; fileRef = 55F368C11BC4BE2000E0F4E5 /* splash_web */; };
		55F368D21BC4BE2000E0F4E5 /* Wta2VC.m in Sources */ = {isa = PBXBuildFile; fileRef = 55F368C51BC4BE2000E0F4E5 /* Wta2VC.m */; };
		55F368D31BC4BE2000E0F4E5 /* WtaVC.m in Sources */ = {isa = PBXBuildFile; fileRef = 55F368C71BC4BE2000E0F4E5 /* WtaVC.m */; };
		55F368D71BC4C07A00E0F4E5 /* web in Resources */ = {isa = PBXBuildFile; fileRef = 55F368D61BC4C07A00E0F4E5 /* web */; };
		55F368D91BC4C0D600E0F4E5 /* Main.storyboard in Resources */ = {isa = PBXBuildFile; fileRef = 55F368D81BC4C0D600E0F4E5 /* Main.storyboard */; };
		55F368DC1BC4C18A00E0F4E5 /* GlobalValues.m in Sources */ = {isa = PBXBuildFile; fileRef = 55F368DB1BC4C18A00E0F4E5 /* GlobalValues.m */; };
/* End PBXBuildFile section */

/* Begin PBXFileReference section */
		55063E6E1BF1CB2A00569353 /* CharisSIL-B.ttf */ = {isa = PBXFileReference; lastKnownFileType = file; path = "CharisSIL-B.ttf"; sourceTree = "<group>"; };
		55063E6F1BF1CB2A00569353 /* CharisSIL-BI.ttf */ = {isa = PBXFileReference; lastKnownFileType = file; path = "CharisSIL-BI.ttf"; sourceTree = "<group>"; };
		55063E701BF1CB2A00569353 /* CharisSIL-I.ttf */ = {isa = PBXFileReference; lastKnownFileType = file; path = "CharisSIL-I.ttf"; sourceTree = "<group>"; };
		55063E711BF1CB2A00569353 /* CharisSIL-R.ttf */ = {isa = PBXFileReference; lastKnownFileType = file; path = "CharisSIL-R.ttf"; sourceTree = "<group>"; };
		55063E741BF1CDDD00569353 /* SystemConfiguration.framework */ = {isa = PBXFileReference; lastKnownFileType = wrapper.framework; name = SystemConfiguration.framework; path = System/Library/Frameworks/SystemConfiguration.framework; sourceTree = SDKROOT; };
		550A39F71C3BA00400EF1619 /* jquery */ = {isa = PBXFileReference; lastKnownFileType = folder; path = jquery; sourceTree = "<group>"; };
		550A39F91C3BA38D00EF1619 /* W2P_ObjC.h */ = {isa = PBXFileReference; fileEncoding = 4; lastKnownFileType = sourcecode.c.h; path = W2P_ObjC.h; sourceTree = "<group>"; };
		550A39FA1C3BA38D00EF1619 /* W2P_ObjC.m */ = {isa = PBXFileReference; fileEncoding = 4; lastKnownFileType = sourcecode.c.objc; path = W2P_ObjC.m; sourceTree = "<group>"; };
		55249C5E1BFB2CAC0056BB7A /* BookmarksHelper.h */ = {isa = PBXFileReference; fileEncoding = 4; lastKnownFileType = sourcecode.c.h; path = BookmarksHelper.h; sourceTree = "<group>"; };
		55249C5F1BFB2CAC0056BB7A /* BookmarksHelper.m */ = {isa = PBXFileReference; fileEncoding = 4; lastKnownFileType = sourcecode.c.objc; path = BookmarksHelper.m; sourceTree = "<group>"; };
		55693BBF1C1FC29000018D6D /* UniversityVC.h */ = {isa = PBXFileReference; fileEncoding = 4; lastKnownFileType = sourcecode.c.h; path = UniversityVC.h; sourceTree = "<group>"; };
		55693BC01C1FC29000018D6D /* UniversityVC.m */ = {isa = PBXFileReference; fileEncoding = 4; lastKnownFileType = sourcecode.c.objc; path = UniversityVC.m; sourceTree = "<group>"; };
		55F368991BC4BBFD00E0F4E5 /* LatinMus_iOS.app */ = {isa = PBXFileReference; explicitFileType = wrapper.application; includeInIndex = 0; path = LatinMus_iOS.app; sourceTree = BUILT_PRODUCTS_DIR; };
		55F3689D1BC4BBFD00E0F4E5 /* main.m */ = {isa = PBXFileReference; lastKnownFileType = sourcecode.c.objc; path = main.m; sourceTree = "<group>"; };
		55F3689F1BC4BBFD00E0F4E5 /* AppDelegate.h */ = {isa = PBXFileReference; lastKnownFileType = sourcecode.c.h; path = AppDelegate.h; sourceTree = "<group>"; };
		55F368A01BC4BBFD00E0F4E5 /* AppDelegate.m */ = {isa = PBXFileReference; lastKnownFileType = sourcecode.c.objc; path = AppDelegate.m; sourceTree = "<group>"; };
		55F368A21BC4BBFD00E0F4E5 /* VC.h */ = {isa = PBXFileReference; lastKnownFileType = sourcecode.c.h; path = VC.h; sourceTree = "<group>"; };
		55F368A31BC4BBFD00E0F4E5 /* VC.m */ = {isa = PBXFileReference; lastKnownFileType = sourcecode.c.objc; path = VC.m; sourceTree = "<group>"; };
		55F368A81BC4BBFD00E0F4E5 /* Assets.xcassets */ = {isa = PBXFileReference; lastKnownFileType = folder.assetcatalog; path = Assets.xcassets; sourceTree = "<group>"; };
		55F368AB1BC4BBFD00E0F4E5 /* Base */ = {isa = PBXFileReference; lastKnownFileType = file.storyboard; name = Base; path = Base.lproj/LaunchScreen.storyboard; sourceTree = "<group>"; };
		55F368AD1BC4BBFD00E0F4E5 /* Info.plist */ = {isa = PBXFileReference; lastKnownFileType = text.plist.xml; path = Info.plist; sourceTree = "<group>"; };
		55F368B51BC4BE2000E0F4E5 /* About2VC.h */ = {isa = PBXFileReference; fileEncoding = 4; lastKnownFileType = sourcecode.c.h; path = About2VC.h; sourceTree = "<group>"; };
		55F368B61BC4BE2000E0F4E5 /* About2VC.m */ = {isa = PBXFileReference; fileEncoding = 4; lastKnownFileType = sourcecode.c.objc; path = About2VC.m; sourceTree = "<group>"; };
		55F368B71BC4BE2000E0F4E5 /* AgreeVC.h */ = {isa = PBXFileReference; fileEncoding = 4; lastKnownFileType = sourcecode.c.h; path = AgreeVC.h; sourceTree = "<group>"; };
		55F368B81BC4BE2000E0F4E5 /* AgreeVC.m */ = {isa = PBXFileReference; fileEncoding = 4; lastKnownFileType = sourcecode.c.objc; path = AgreeVC.m; sourceTree = "<group>"; };
		55F368B91BC4BE2000E0F4E5 /* DeviceAPI.h */ = {isa = PBXFileReference; fileEncoding = 4; lastKnownFileType = sourcecode.c.h; path = DeviceAPI.h; sourceTree = "<group>"; };
		55F368BA1BC4BE2000E0F4E5 /* DeviceAPI.m */ = {isa = PBXFileReference; fileEncoding = 4; lastKnownFileType = sourcecode.c.objc; path = DeviceAPI.m; sourceTree = "<group>"; };
		55F368BB1BC4BE2000E0F4E5 /* OpenSans-Bold.ttf */ = {isa = PBXFileReference; lastKnownFileType = file; path = "OpenSans-Bold.ttf"; sourceTree = "<group>"; };
		55F368BC1BC4BE2000E0F4E5 /* OpenSans-Light.ttf */ = {isa = PBXFileReference; lastKnownFileType = file; path = "OpenSans-Light.ttf"; sourceTree = "<group>"; };
		55F368BD1BC4BE2000E0F4E5 /* OpenSans-Regular.ttf */ = {isa = PBXFileReference; lastKnownFileType = file; path = "OpenSans-Regular.ttf"; sourceTree = "<group>"; };
		55F368BE1BC4BE2000E0F4E5 /* PasswordVC.h */ = {isa = PBXFileReference; fileEncoding = 4; lastKnownFileType = sourcecode.c.h; path = PasswordVC.h; sourceTree = "<group>"; };
		55F368BF1BC4BE2000E0F4E5 /* PasswordVC.m */ = {isa = PBXFileReference; fileEncoding = 4; lastKnownFileType = sourcecode.c.objc; path = PasswordVC.m; sourceTree = "<group>"; };
		55F368C01BC4BE2000E0F4E5 /* Slim-Joe.otf */ = {isa = PBXFileReference; lastKnownFileType = file; path = "Slim-Joe.otf"; sourceTree = "<group>"; };
		55F368C11BC4BE2000E0F4E5 /* splash_web */ = {isa = PBXFileReference; lastKnownFileType = folder; path = splash_web; sourceTree = "<group>"; };
		55F368C41BC4BE2000E0F4E5 /* Wta2VC.h */ = {isa = PBXFileReference; fileEncoding = 4; lastKnownFileType = sourcecode.c.h; path = Wta2VC.h; sourceTree = "<group>"; };
		55F368C51BC4BE2000E0F4E5 /* Wta2VC.m */ = {isa = PBXFileReference; fileEncoding = 4; lastKnownFileType = sourcecode.c.objc; path = Wta2VC.m; sourceTree = "<group>"; };
		55F368C61BC4BE2000E0F4E5 /* WtaVC.h */ = {isa = PBXFileReference; fileEncoding = 4; lastKnownFileType = sourcecode.c.h; path = WtaVC.h; sourceTree = "<group>"; };
		55F368C71BC4BE2000E0F4E5 /* WtaVC.m */ = {isa = PBXFileReference; fileEncoding = 4; lastKnownFileType = sourcecode.c.objc; path = WtaVC.m; sourceTree = "<group>"; };
		55F368D51BC4C05500E0F4E5 /* BIG-JOHN.otf */ = {isa = PBXFileReference; lastKnownFileType = file; path = "BIG-JOHN.otf"; sourceTree = "<group>"; };
		55F368D61BC4C07A00E0F4E5 /* web */ = {isa = PBXFileReference; lastKnownFileType = folder; path = web; sourceTree = "<group>"; };
		55F368D81BC4C0D600E0F4E5 /* Main.storyboard */ = {isa = PBXFileReference; fileEncoding = 4; lastKnownFileType = file.storyboard; path = Main.storyboard; sourceTree = "<group>"; };
		55F368DA1BC4C18A00E0F4E5 /* GlobalValues.h */ = {isa = PBXFileReference; fileEncoding = 4; lastKnownFileType = sourcecode.c.h; path = GlobalValues.h; sourceTree = "<group>"; };
		55F368DB1BC4C18A00E0F4E5 /* GlobalValues.m */ = {isa = PBXFileReference; fileEncoding = 4; lastKnownFileType = sourcecode.c.objc; path = GlobalValues.m; sourceTree = "<group>"; };
/* End PBXFileReference section */

/* Begin PBXFrameworksBuildPhase section */
		55F368961BC4BBFD00E0F4E5 /* Frameworks */ = {
			isa = PBXFrameworksBuildPhase;
			buildActionMask = 2147483647;
			files = (
				55063E751BF1CDDD00569353 /* SystemConfiguration.framework in Frameworks */,
			);
			runOnlyForDeploymentPostprocessing = 0;
		};
/* End PBXFrameworksBuildPhase section */

/* Begin PBXGroup section */
		55F368901BC4BBFD00E0F4E5 = {
			isa = PBXGroup;
			children = (
				55063E741BF1CDDD00569353 /* SystemConfiguration.framework */,
				55F3689B1BC4BBFD00E0F4E5 /* Template_ObjC */,
				55F3689A1BC4BBFD00E0F4E5 /* Products */,
			);
			sourceTree = "<group>";
		};
		55F3689A1BC4BBFD00E0F4E5 /* Products */ = {
			isa = PBXGroup;
			children = (
				55F368991BC4BBFD00E0F4E5 /* LatinMus_iOS.app */,
			);
			name = Products;
			sourceTree = "<group>";
		};
		55F3689B1BC4BBFD00E0F4E5 /* Template_ObjC */ = {
			isa = PBXGroup;
			children = (
				550A39F71C3BA00400EF1619 /* jquery */,
				55F368D41BC4BEA000E0F4E5 /* Fonts */,
				55F368B41BC4BE0D00E0F4E5 /* SV */,
				55F368D61BC4C07A00E0F4E5 /* web */,
				55F368DA1BC4C18A00E0F4E5 /* GlobalValues.h */,
				55F368DB1BC4C18A00E0F4E5 /* GlobalValues.m */,
				55F368B91BC4BE2000E0F4E5 /* DeviceAPI.h */,
				55F368BA1BC4BE2000E0F4E5 /* DeviceAPI.m */,
				55249C5E1BFB2CAC0056BB7A /* BookmarksHelper.h */,
				55249C5F1BFB2CAC0056BB7A /* BookmarksHelper.m */,
				550A39F91C3BA38D00EF1619 /* W2P_ObjC.h */,
				550A39FA1C3BA38D00EF1619 /* W2P_ObjC.m */,
				55F3689F1BC4BBFD00E0F4E5 /* AppDelegate.h */,
				55F368A01BC4BBFD00E0F4E5 /* AppDelegate.m */,
				55F368A21BC4BBFD00E0F4E5 /* VC.h */,
				55F368A31BC4BBFD00E0F4E5 /* VC.m */,
				55F368D81BC4C0D600E0F4E5 /* Main.storyboard */,
				55F368A81BC4BBFD00E0F4E5 /* Assets.xcassets */,
				55F368AA1BC4BBFD00E0F4E5 /* LaunchScreen.storyboard */,
				55F368AD1BC4BBFD00E0F4E5 /* Info.plist */,
				55F3689C1BC4BBFD00E0F4E5 /* Supporting Files */,
			);
			path = Template_ObjC;
			sourceTree = "<group>";
		};
		55F3689C1BC4BBFD00E0F4E5 /* Supporting Files */ = {
			isa = PBXGroup;
			children = (
				55F3689D1BC4BBFD00E0F4E5 /* main.m */,
			);
			name = "Supporting Files";
			sourceTree = "<group>";
		};
		55F368B41BC4BE0D00E0F4E5 /* SV */ = {
			isa = PBXGroup;
			children = (
				55F368C11BC4BE2000E0F4E5 /* splash_web */,
				55693BBF1C1FC29000018D6D /* UniversityVC.h */,
				55693BC01C1FC29000018D6D /* UniversityVC.m */,
				55F368C61BC4BE2000E0F4E5 /* WtaVC.h */,
				55F368C71BC4BE2000E0F4E5 /* WtaVC.m */,
				55F368B71BC4BE2000E0F4E5 /* AgreeVC.h */,
				55F368B81BC4BE2000E0F4E5 /* AgreeVC.m */,
				55F368BE1BC4BE2000E0F4E5 /* PasswordVC.h */,
				55F368BF1BC4BE2000E0F4E5 /* PasswordVC.m */,
				55F368C41BC4BE2000E0F4E5 /* Wta2VC.h */,
				55F368C51BC4BE2000E0F4E5 /* Wta2VC.m */,
				55F368B51BC4BE2000E0F4E5 /* About2VC.h */,
				55F368B61BC4BE2000E0F4E5 /* About2VC.m */,
			);
			name = SV;
			sourceTree = "<group>";
		};
		55F368D41BC4BEA000E0F4E5 /* Fonts */ = {
			isa = PBXGroup;
			children = (
				55F368BB1BC4BE2000E0F4E5 /* OpenSans-Bold.ttf */,
				55F368BC1BC4BE2000E0F4E5 /* OpenSans-Light.ttf */,
				55F368BD1BC4BE2000E0F4E5 /* OpenSans-Regular.ttf */,
				55F368C01BC4BE2000E0F4E5 /* Slim-Joe.otf */,
				55F368D51BC4C05500E0F4E5 /* BIG-JOHN.otf */,
				55063E6E1BF1CB2A00569353 /* CharisSIL-B.ttf */,
				55063E6F1BF1CB2A00569353 /* CharisSIL-BI.ttf */,
				55063E701BF1CB2A00569353 /* CharisSIL-I.ttf */,
				55063E711BF1CB2A00569353 /* CharisSIL-R.ttf */,
			);
			name = Fonts;
			sourceTree = "<group>";
		};
/* End PBXGroup section */

/* Begin PBXNativeTarget section */
		55F368981BC4BBFD00E0F4E5 /* LatinMus_iOS */ = {
			isa = PBXNativeTarget;
			buildConfigurationList = 55F368B01BC4BBFD00E0F4E5 /* Build configuration list for PBXNativeTarget "LatinMus_iOS" */;
			buildPhases = (
				55F368951BC4BBFD00E0F4E5 /* Sources */,
				55F368961BC4BBFD00E0F4E5 /* Frameworks */,
				55F368971BC4BBFD00E0F4E5 /* Resources */,
			);
			buildRules = (
			);
			dependencies = (
			);
			name = LatinMus_iOS;
			productName = Template_ObjC;
			productReference = 55F368991BC4BBFD00E0F4E5 /* LatinMus_iOS.app */;
			productType = "com.apple.product-type.application";
		};
/* End PBXNativeTarget section */

/* Begin PBXProject section */
		55F368911BC4BBFD00E0F4E5 /* Project object */ = {
			isa = PBXProject;
			attributes = {
				LastUpgradeCheck = 0920;
				ORGANIZATIONNAME = ULIP;
				TargetAttributes = {
					55F368981BC4BBFD00E0F4E5 = {
						CreatedOnToolsVersion = 7.0;
						DevelopmentTeam = BRW2PKPSR3;
					};
				};
			};
			buildConfigurationList = 55F368941BC4BBFD00E0F4E5 /* Build configuration list for PBXProject "LatinMus_iOS" */;
			compatibilityVersion = "Xcode 3.2";
			developmentRegion = English;
			hasScannedForEncodings = 0;
			knownRegions = (
				en,
				Base,
			);
			mainGroup = 55F368901BC4BBFD00E0F4E5;
			productRefGroup = 55F3689A1BC4BBFD00E0F4E5 /* Products */;
			projectDirPath = "";
			projectRoot = "";
			targets = (
				55F368981BC4BBFD00E0F4E5 /* LatinMus_iOS */,
			);
		};
/* End PBXProject section */

/* Begin PBXResourcesBuildPhase section */
		55F368971BC4BBFD00E0F4E5 /* Resources */ = {
			isa = PBXResourcesBuildPhase;
			buildActionMask = 2147483647;
			files = (
				550A39F81C3BA00400EF1619 /* jquery in Resources */,
				55F368D71BC4C07A00E0F4E5 /* web in Resources */,
				55F368D91BC4C0D600E0F4E5 /* Main.storyboard in Resources */,
				55F368CF1BC4BE2000E0F4E5 /* Slim-Joe.otf in Resources */,
				55F368AC1BC4BBFD00E0F4E5 /* LaunchScreen.storyboard in Resources */,
				55F368A91BC4BBFD00E0F4E5 /* Assets.xcassets in Resources */,
				55F368CB1BC4BE2000E0F4E5 /* OpenSans-Bold.ttf in Resources */,
				55F368CC1BC4BE2000E0F4E5 /* OpenSans-Light.ttf in Resources */,
				55F368D01BC4BE2000E0F4E5 /* splash_web in Resources */,
				55F368CD1BC4BE2000E0F4E5 /* OpenSans-Regular.ttf in Resources */,
			);
			runOnlyForDeploymentPostprocessing = 0;
		};
/* End PBXResourcesBuildPhase section */

/* Begin PBXSourcesBuildPhase section */
		55F368951BC4BBFD00E0F4E5 /* Sources */ = {
			isa = PBXSourcesBuildPhase;
			buildActionMask = 2147483647;
			files = (
				55F368A41BC4BBFD00E0F4E5 /* VC.m in Sources */,
				55F368D31BC4BE2000E0F4E5 /* WtaVC.m in Sources */,
				55F368C91BC4BE2000E0F4E5 /* AgreeVC.m in Sources */,
				55F368CE1BC4BE2000E0F4E5 /* PasswordVC.m in Sources */,
				55F368D21BC4BE2000E0F4E5 /* Wta2VC.m in Sources */,
				550A39FB1C3BA38D00EF1619 /* W2P_ObjC.m in Sources */,
				55F368CA1BC4BE2000E0F4E5 /* DeviceAPI.m in Sources */,
				55693BC11C1FC29000018D6D /* UniversityVC.m in Sources */,
				55F368A11BC4BBFD00E0F4E5 /* AppDelegate.m in Sources */,
				55F3689E1BC4BBFD00E0F4E5 /* main.m in Sources */,
				55249C601BFB2CAC0056BB7A /* BookmarksHelper.m in Sources */,
				55F368DC1BC4C18A00E0F4E5 /* GlobalValues.m in Sources */,
				55F368C81BC4BE2000E0F4E5 /* About2VC.m in Sources */,
			);
			runOnlyForDeploymentPostprocessing = 0;
		};
/* End PBXSourcesBuildPhase section */

/* Begin PBXVariantGroup section */
		55F368AA1BC4BBFD00E0F4E5 /* LaunchScreen.storyboard */ = {
			isa = PBXVariantGroup;
			children = (
				55F368AB1BC4BBFD00E0F4E5 /* Base */,
			);
			name = LaunchScreen.storyboard;
			sourceTree = "<group>";
		};
/* End PBXVariantGroup section */

/* Begin XCBuildConfiguration section */
		55F368AE1BC4BBFD00E0F4E5 /* Debug */ = {
			isa = XCBuildConfiguration;
			buildSettings = {
				ALWAYS_SEARCH_USER_PATHS = NO;
				CLANG_CXX_LANGUAGE_STANDARD = "gnu++0x";
				CLANG_CXX_LIBRARY = "libc++";
				CLANG_ENABLE_MODULES = YES;
				CLANG_ENABLE_OBJC_ARC = YES;
				CLANG_WARN_BLOCK_CAPTURE_AUTORELEASING = YES;
				CLANG_WARN_BOOL_CONVERSION = YES;
				CLANG_WARN_COMMA = YES;
				CLANG_WARN_CONSTANT_CONVERSION = YES;
				CLANG_WARN_DIRECT_OBJC_ISA_USAGE = YES_ERROR;
				CLANG_WARN_EMPTY_BODY = YES;
				CLANG_WARN_ENUM_CONVERSION = YES;
				CLANG_WARN_INFINITE_RECURSION = YES;
				CLANG_WARN_INT_CONVERSION = YES;
				CLANG_WARN_NON_LITERAL_NULL_CONVERSION = YES;
				CLANG_WARN_OBJC_LITERAL_CONVERSION = YES;
				CLANG_WARN_OBJC_ROOT_CLASS = YES_ERROR;
				CLANG_WARN_RANGE_LOOP_ANALYSIS = YES;
				CLANG_WARN_STRICT_PROTOTYPES = YES;
				CLANG_WARN_SUSPICIOUS_MOVE = YES;
				CLANG_WARN_UNREACHABLE_CODE = YES;
				CLANG_WARN__DUPLICATE_METHOD_MATCH = YES;
				"CODE_SIGN_IDENTITY[sdk=iphoneos*]" = "iPhone Developer";
				COPY_PHASE_STRIP = NO;
				DEBUG_INFORMATION_FORMAT = dwarf;
				ENABLE_STRICT_OBJC_MSGSEND = YES;
				ENABLE_TESTABILITY = YES;
				GCC_C_LANGUAGE_STANDARD = gnu99;
				GCC_DYNAMIC_NO_PIC = NO;
				GCC_NO_COMMON_BLOCKS = YES;
				GCC_OPTIMIZATION_LEVEL = 0;
				GCC_PREPROCESSOR_DEFINITIONS = (
					"DEBUG=1",
					"$(inherited)",
				);
				GCC_WARN_64_TO_32_BIT_CONVERSION = YES;
				GCC_WARN_ABOUT_RETURN_TYPE = YES_ERROR;
				GCC_WARN_UNDECLARED_SELECTOR = YES;
				GCC_WARN_UNINITIALIZED_AUTOS = YES_AGGRESSIVE;
				GCC_WARN_UNUSED_FUNCTION = YES;
				GCC_WARN_UNUSED_VARIABLE = YES;
				IPHONEOS_DEPLOYMENT_TARGET = 9.0;
				MTL_ENABLE_DEBUG_INFO = YES;
				ONLY_ACTIVE_ARCH = YES;
				SDKROOT = iphoneos;
				TARGETED_DEVICE_FAMILY = "1,2";
			};
			name = Debug;
		};
		55F368AF1BC4BBFD00E0F4E5 /* Release */ = {
			isa = XCBuildConfiguration;
			buildSettings = {
				ALWAYS_SEARCH_USER_PATHS = NO;
				CLANG_CXX_LANGUAGE_STANDARD = "gnu++0x";
				CLANG_CXX_LIBRARY = "libc++";
				CLANG_ENABLE_MODULES = YES;
				CLANG_ENABLE_OBJC_ARC = YES;
				CLANG_WARN_BLOCK_CAPTURE_AUTORELEASING = YES;
				CLANG_WARN_BOOL_CONVERSION = YES;
				CLANG_WARN_COMMA = YES;
				CLANG_WARN_CONSTANT_CONVERSION = YES;
				CLANG_WARN_DIRECT_OBJC_ISA_USAGE = YES_ERROR;
				CLANG_WARN_EMPTY_BODY = YES;
				CLANG_WARN_ENUM_CONVERSION = YES;
				CLANG_WARN_INFINITE_RECURSION = YES;
				CLANG_WARN_INT_CONVERSION = YES;
				CLANG_WARN_NON_LITERAL_NULL_CONVERSION = YES;
				CLANG_WARN_OBJC_LITERAL_CONVERSION = YES;
				CLANG_WARN_OBJC_ROOT_CLASS = YES_ERROR;
				CLANG_WARN_RANGE_LOOP_ANALYSIS = YES;
				CLANG_WARN_STRICT_PROTOTYPES = YES;
				CLANG_WARN_SUSPICIOUS_MOVE = YES;
				CLANG_WARN_UNREACHABLE_CODE = YES;
				CLANG_WARN__DUPLICATE_METHOD_MATCH = YES;
				"CODE_SIGN_IDENTITY[sdk=iphoneos*]" = "iPhone Developer";
				COPY_PHASE_STRIP = NO;
				DEBUG_INFORMATION_FORMAT = "dwarf-with-dsym";
				ENABLE_NS_ASSERTIONS = NO;
				ENABLE_STRICT_OBJC_MSGSEND = YES;
				GCC_C_LANGUAGE_STANDARD = gnu99;
				GCC_NO_COMMON_BLOCKS = YES;
				GCC_WARN_64_TO_32_BIT_CONVERSION = YES;
				GCC_WARN_ABOUT_RETURN_TYPE = YES_ERROR;
				GCC_WARN_UNDECLARED_SELECTOR = YES;
				GCC_WARN_UNINITIALIZED_AUTOS = YES_AGGRESSIVE;
				GCC_WARN_UNUSED_FUNCTION = YES;
				GCC_WARN_UNUSED_VARIABLE = YES;
				IPHONEOS_DEPLOYMENT_TARGET = 9.0;
				MTL_ENABLE_DEBUG_INFO = NO;
				SDKROOT = iphoneos;
				TARGETED_DEVICE_FAMILY = "1,2";
				VALIDATE_PRODUCT = YES;
			};
			name = Release;
		};
		55F368B11BC4BBFD00E0F4E5 /* Debug */ = {
			isa = XCBuildConfiguration;
			buildSettings = {
				ASSETCATALOG_COMPILER_APPICON_NAME = AppIcon;
				CODE_SIGN_IDENTITY = "iPhone Developer";
				DEVELOPMENT_TEAM = BRW2PKPSR3;
				INFOPLIST_FILE = Template_ObjC/Info.plist;
				IPHONEOS_DEPLOYMENT_TARGET = 8.0;
				LD_RUNPATH_SEARCH_PATHS = "$(inherited) @executable_path/Frameworks";
				PRODUCT_BUNDLE_IDENTIFIER = com.arc.guidedlistening.ios.open;
				PRODUCT_NAME = "$(TARGET_NAME)";
				TARGETED_DEVICE_FAMILY = "1,2";
			};
			name = Debug;
		};
		55F368B21BC4BBFD00E0F4E5 /* Release */ = {
			isa = XCBuildConfiguration;
			buildSettings = {
				ASSETCATALOG_COMPILER_APPICON_NAME = AppIcon;
				CODE_SIGN_IDENTITY = "iPhone Developer";
				DEVELOPMENT_TEAM = BRW2PKPSR3;
				INFOPLIST_FILE = Template_ObjC/Info.plist;
				IPHONEOS_DEPLOYMENT_TARGET = 8.0;
				LD_RUNPATH_SEARCH_PATHS = "$(inherited) @executable_path/Frameworks";
				PRODUCT_BUNDLE_IDENTIFIER = com.arc.guidedlistening.ios.open;
				PRODUCT_NAME = "$(TARGET_NAME)";
				TARGETED_DEVICE_FAMILY = "1,2";
			};
			name = Release;
		};
/* End XCBuildConfiguration section */

/* Begin XCConfigurationList section */
		55F368941BC4BBFD00E0F4E5 /* Build configuration list for PBXProject "LatinMus_iOS" */ = {
			isa = XCConfigurationList;
			buildConfigurations = (
				55F368AE1BC4BBFD00E0F4E5 /* Debug */,
				55F368AF1BC4BBFD00E0F4E5 /* Release */,
			);
			defaultConfigurationIsVisible = 0;
			defaultConfigurationName = Release;
		};
		55F368B01BC4BBFD00E0F4E5 /* Build configuration list for PBXNativeTarget "LatinMus_iOS" */ = {
			isa = XCConfigurationList;
			buildConfigurations = (
				55F368B11BC4BBFD00E0F4E5 /* Debug */,
				55F368B21BC4BBFD00E0F4E5 /* Release */,
			);
			defaultConfigurationIsVisible = 0;
			defaultConfigurationName = Release;
		};
/* End XCConfigurationList section */
	};
	rootObject = 55F368911BC4BBFD00E0F4E5 /* Project object */;
}
